
Microsoft Visual Studio Solution File, Format Version 12.00
# Visual Studio Version 17
VisualStudioVersion = 17.9.34902.65
MinimumVisualStudioVersion = 10.0.40219.1
Project("{FAE04EC0-301F-11D3-BF4B-00C04F79EFBC}") = "InfoStudent_BinaryFile", "InfoStudent_BinaryFile\InfoStudent_BinaryFile.csproj", "{0F220F5C-CCFE-4500-B046-FDAE7AEED77E}"
EndProject
Global
	GlobalSection(SolutionConfigurationPlatforms) = preSolution
		Debug|Any CPU = Debug|Any CPU
		Release|Any CPU = Release|Any CPU
	EndGlobalSection
	GlobalSection(ProjectConfigurationPlatforms) = postSolution
		{0F220F5C-CCFE-4500-B046-FDAE7AEED77E}.Debug|Any CPU.ActiveCfg = Debug|Any CPU
		{0F220F5C-CCFE-4500-B046-FDAE7AEED77E}.Debug|Any CPU.Build.0 = Debug|Any CPU
		{0F220F5C-CCFE-4500-B046-FDAE7AEED77E}.Release|Any CPU.ActiveCfg = Release|Any CPU
		{0F220F5C-CCFE-4500-B046-FDAE7AEED77E}.Release|Any CPU.Build.0 = Release|Any CPU
	EndGlobalSection
	GlobalSection(SolutionProperties) = preSolution
		HideSolutionNode = FALSE
	EndGlobalSection
	GlobalSection(ExtensibilityGlobals) = postSolution
		SolutionGuid = {E570671F-2057-4AF1-B476-608643387E02}
	EndGlobalSection
EndGlobal
